
Microsoft Visual Studio Solution File, Format Version 12.00
# Visual Studio 14
VisualStudioVersion = 14.0.25420.1
MinimumVisualStudioVersion = 10.0.40219.1
Project("{FAE04EC0-301F-11D3-BF4B-00C04F79EFBC}") = "Api", "Api\Api.csproj", "{F3365890-F4C3-42C8-B27B-B56BB67DF2CE}"
EndProject
Project("{FAE04EC0-301F-11D3-BF4B-00C04F79EFBC}") = "CrossCutting", "CrossCutting\CrossCutting.csproj", "{0AAB22E1-1818-4F47-B1C2-1204E441E064}"
EndProject
Project("{FAE04EC0-301F-11D3-BF4B-00C04F79EFBC}") = "Model", "Model\Model.csproj", "{E5400E0F-79AC-46AC-8D0C-92C24D81CAC7}"
EndProject
Project("{FAE04EC0-301F-11D3-BF4B-00C04F79EFBC}") = "Infrastructure.EF", "Infrastructure.EF\Infrastructure.EF.csproj", "{3B93EE37-3282-409E-ACD1-B90966D27F5B}"
EndProject
Project("{FAE04EC0-301F-11D3-BF4B-00C04F79EFBC}") = "Infrastructure.Dapper", "Infrastructure.Dapper\Infrastructure.Dapper.csproj", "{05DCE16E-26C2-4520-8E76-1788FCFF6CC9}"
EndProject
Project("{FAE04EC0-301F-11D3-BF4B-00C04F79EFBC}") = "Services", "Services\Services.csproj", "{6FD39719-139C-43A6-B30D-B4325EE59EA8}"
EndProject
Project("{FAE04EC0-301F-11D3-BF4B-00C04F79EFBC}") = "DatabaseCreator", "DatabaseCreator\DatabaseCreator.csproj", "{733A4CA4-FFAC-4DF3-AC2C-7E7D5C1CB180}"
EndProject
Project("{FAE04EC0-301F-11D3-BF4B-00C04F79EFBC}") = "Core", "Core\Core.csproj", "{022E50AC-9B89-4BB5-B21E-D2A5823B7102}"
EndProject
Project("{2150E333-8FDC-42A3-9474-1A3956D46DE8}") = "BancoDados", "BancoDados", "{1D2D42C8-E032-453C-A13D-2B318D80DE0A}"
EndProject
Global
	GlobalSection(SolutionConfigurationPlatforms) = preSolution
		Debug|Any CPU = Debug|Any CPU
		Release|Any CPU = Release|Any CPU
	EndGlobalSection
	GlobalSection(ProjectConfigurationPlatforms) = postSolution
		{F3365890-F4C3-42C8-B27B-B56BB67DF2CE}.Debug|Any CPU.ActiveCfg = Debug|Any CPU
		{F3365890-F4C3-42C8-B27B-B56BB67DF2CE}.Debug|Any CPU.Build.0 = Debug|Any CPU
		{F3365890-F4C3-42C8-B27B-B56BB67DF2CE}.Release|Any CPU.ActiveCfg = Release|Any CPU
		{F3365890-F4C3-42C8-B27B-B56BB67DF2CE}.Release|Any CPU.Build.0 = Release|Any CPU
		{0AAB22E1-1818-4F47-B1C2-1204E441E064}.Debug|Any CPU.ActiveCfg = Debug|Any CPU
		{0AAB22E1-1818-4F47-B1C2-1204E441E064}.Debug|Any CPU.Build.0 = Debug|Any CPU
		{0AAB22E1-1818-4F47-B1C2-1204E441E064}.Release|Any CPU.ActiveCfg = Release|Any CPU
		{0AAB22E1-1818-4F47-B1C2-1204E441E064}.Release|Any CPU.Build.0 = Release|Any CPU
		{E5400E0F-79AC-46AC-8D0C-92C24D81CAC7}.Debug|Any CPU.ActiveCfg = Debug|Any CPU
		{E5400E0F-79AC-46AC-8D0C-92C24D81CAC7}.Debug|Any CPU.Build.0 = Debug|Any CPU
		{E5400E0F-79AC-46AC-8D0C-92C24D81CAC7}.Release|Any CPU.ActiveCfg = Release|Any CPU
		{E5400E0F-79AC-46AC-8D0C-92C24D81CAC7}.Release|Any CPU.Build.0 = Release|Any CPU
		{3B93EE37-3282-409E-ACD1-B90966D27F5B}.Debug|Any CPU.ActiveCfg = Debug|Any CPU
		{3B93EE37-3282-409E-ACD1-B90966D27F5B}.Debug|Any CPU.Build.0 = Debug|Any CPU
		{3B93EE37-3282-409E-ACD1-B90966D27F5B}.Release|Any CPU.ActiveCfg = Release|Any CPU
		{3B93EE37-3282-409E-ACD1-B90966D27F5B}.Release|Any CPU.Build.0 = Release|Any CPU
		{05DCE16E-26C2-4520-8E76-1788FCFF6CC9}.Debug|Any CPU.ActiveCfg = Debug|Any CPU
		{05DCE16E-26C2-4520-8E76-1788FCFF6CC9}.Debug|Any CPU.Build.0 = Debug|Any CPU
		{05DCE16E-26C2-4520-8E76-1788FCFF6CC9}.Release|Any CPU.ActiveCfg = Release|Any CPU
		{05DCE16E-26C2-4520-8E76-1788FCFF6CC9}.Release|Any CPU.Build.0 = Release|Any CPU
		{6FD39719-139C-43A6-B30D-B4325EE59EA8}.Debug|Any CPU.ActiveCfg = Debug|Any CPU
		{6FD39719-139C-43A6-B30D-B4325EE59EA8}.Debug|Any CPU.Build.0 = Debug|Any CPU
		{6FD39719-139C-43A6-B30D-B4325EE59EA8}.Release|Any CPU.ActiveCfg = Release|Any CPU
		{6FD39719-139C-43A6-B30D-B4325EE59EA8}.Release|Any CPU.Build.0 = Release|Any CPU
		{733A4CA4-FFAC-4DF3-AC2C-7E7D5C1CB180}.Debug|Any CPU.ActiveCfg = Debug|Any CPU
		{733A4CA4-FFAC-4DF3-AC2C-7E7D5C1CB180}.Debug|Any CPU.Build.0 = Debug|Any CPU
		{733A4CA4-FFAC-4DF3-AC2C-7E7D5C1CB180}.Release|Any CPU.ActiveCfg = Release|Any CPU
		{733A4CA4-FFAC-4DF3-AC2C-7E7D5C1CB180}.Release|Any CPU.Build.0 = Release|Any CPU
		{022E50AC-9B89-4BB5-B21E-D2A5823B7102}.Debug|Any CPU.ActiveCfg = Debug|Any CPU
		{022E50AC-9B89-4BB5-B21E-D2A5823B7102}.Debug|Any CPU.Build.0 = Debug|Any CPU
		{022E50AC-9B89-4BB5-B21E-D2A5823B7102}.Release|Any CPU.ActiveCfg = Release|Any CPU
		{022E50AC-9B89-4BB5-B21E-D2A5823B7102}.Release|Any CPU.Build.0 = Release|Any CPU
	EndGlobalSection
	GlobalSection(SolutionProperties) = preSolution
		HideSolutionNode = FALSE
	EndGlobalSection
	GlobalSection(NestedProjects) = preSolution
		{733A4CA4-FFAC-4DF3-AC2C-7E7D5C1CB180} = {1D2D42C8-E032-453C-A13D-2B318D80DE0A}
	EndGlobalSection
EndGlobal
